// !$*UTF8*$!
{
	archiveVersion = 1;
	classes = {
	};
	objectVersion = 77;
	objects = {

/* Begin PBXBuildFile section */
		06C321A62FC5F6AD006722E6 /* WidgetKit.framework in Frameworks */ = {isa = PBXBuildFile; fileRef = 06C321A52FC5F6AC006722E6 /* WidgetKit.framework */; };
		06C321A82FC5F6AD006722E6 /* SwiftUI.framework in Frameworks */ = {isa = PBXBuildFile; fileRef = 06C321A72FC5F6AD006722E6 /* SwiftUI.framework */; };
		06C321B32FC5F6B3006722E6 /* ChefProWidgetExtension.appex in Embed Foundation Extensions */ = {isa = PBXBuildFile; fileRef = 06C321A32FC5F6AC006722E6 /* ChefProWidgetExtension.appex */; settings = {ATTRIBUTES = (RemoveHeadersOnCopy, ); }; };
		06C65A9D2FB8281F004DAE17 /* GoogleService-Info.plist in Resources */ = {isa = PBXBuildFile; fileRef = 06C65A9C2FB8281F004DAE17 /* GoogleService-Info.plist */; };
		06C65AA02FB828F8004DAE17 /* FirebaseAuth in Frameworks */ = {isa = PBXBuildFile; productRef = 06C65A9F2FB828F8004DAE17 /* FirebaseAuth */; };
		06C65AA22FB828F8004DAE17 /* FirebaseCore in Frameworks */ = {isa = PBXBuildFile; productRef = 06C65AA12FB828F8004DAE17 /* FirebaseCore */; };
		06C65AA42FB828F8004DAE17 /* FirebaseFirestore in Frameworks */ = {isa = PBXBuildFile; productRef = 06C65AA32FB828F8004DAE17 /* FirebaseFirestore */; };
		06C65AA62FB82DA9004DAE17 /* ChefProFirebaseService.swift in Sources */ = {isa = PBXBuildFile; fileRef = 06C65AA52FB82DA9004DAE17 /* ChefProFirebaseService.swift */; };
		06C65AA82FB9093B004DAE17 /* FirebaseFirestoreCombine-Community in Frameworks */ = {isa = PBXBuildFile; productRef = 06C65AA72FB9093B004DAE17 /* FirebaseFirestoreCombine-Community */; };
		68357FE27CBF431D98446833 /* FirebaseCrashlytics in Frameworks */ = {isa = PBXBuildFile; productRef = 35999476904F4CD1A74FB3A0 /* FirebaseCrashlytics */; };
/* End PBXBuildFile section */

/* Begin PBXContainerItemProxy section */
		061E6F1B2FB6E4FB000D4A60 /* PBXContainerItemProxy */ = {
			isa = PBXContainerItemProxy;
			containerPortal = 061E6F052FB6E4F8000D4A60 /* Project object */;
			proxyType = 1;
			remoteGlobalIDString = 061E6F0C2FB6E4F8000D4A60;
			remoteInfo = ChefPro;
		};
		061E6F252FB6E4FB000D4A60 /* PBXContainerItemProxy */ = {
			isa = PBXContainerItemProxy;
			containerPortal = 061E6F052FB6E4F8000D4A60 /* Project object */;
			proxyType = 1;
			remoteGlobalIDString = 061E6F0C2FB6E4F8000D4A60;
			remoteInfo = ChefPro;
		};
		06C321B12FC5F6B3006722E6 /* PBXContainerItemProxy */ = {
			isa = PBXContainerItemProxy;
			containerPortal = 061E6F052FB6E4F8000D4A60 /* Project object */;
			proxyType = 1;
			remoteGlobalIDString = 06C321A22FC5F6AC006722E6;
			remoteInfo = ChefProWidgetExtension;
		};
/* End PBXContainerItemProxy section */

/* Begin PBXCopyFilesBuildPhase section */
		06C321B82FC5F6B3006722E6 /* Embed Foundation Extensions */ = {
			isa = PBXCopyFilesBuildPhase;
			buildActionMask = 2147483647;
			dstPath = "";
			dstSubfolderSpec = 13;
			files = (
				06C321B32FC5F6B3006722E6 /* ChefProWidgetExtension.appex in Embed Foundation Extensions */,
			);
			name = "Embed Foundation Extensions";
			runOnlyForDeploymentPostprocessing = 0;
		};
/* End PBXCopyFilesBuildPhase section */

/* Begin PBXFileReference section */
		061E6F0D2FB6E4F8000D4A60 /* ChefPro.app */ = {isa = PBXFileReference; explicitFileType = wrapper.application; includeInIndex = 0; path = ChefPro.app; sourceTree = BUILT_PRODUCTS_DIR; };
		061E6F1A2FB6E4FB000D4A60 /* ChefProTests.xctest */ = {isa = PBXFileReference; explicitFileType = wrapper.cfbundle; includeInIndex = 0; path = ChefProTests.xctest; sourceTree = BUILT_PRODUCTS_DIR; };
		061E6F242FB6E4FB000D4A60 /* ChefProUITests.xctest */ = {isa = PBXFileReference; explicitFileType = wrapper.cfbundle; includeInIndex = 0; path = ChefProUITests.xctest; sourceTree = BUILT_PRODUCTS_DIR; };
		06C321A32FC5F6AC006722E6 /* ChefProWidgetExtension.appex */ = {isa = PBXFileReference; explicitFileType = "wrapper.app-extension"; includeInIndex = 0; path = ChefProWidgetExtension.appex; sourceTree = BUILT_PRODUCTS_DIR; };
		06C321A52FC5F6AC006722E6 /* WidgetKit.framework */ = {isa = PBXFileReference; lastKnownFileType = wrapper.framework; name = WidgetKit.framework; path = System/Library/Frameworks/WidgetKit.framework; sourceTree = SDKROOT; };
		06C321A72FC5F6AD006722E6 /* SwiftUI.framework */ = {isa = PBXFileReference; lastKnownFileType = wrapper.framework; name = SwiftUI.framework; path = System/Library/Frameworks/SwiftUI.framework; sourceTree = SDKROOT; };
		06C321B92FC5F6EA006722E6 /* ChefProWidgetExtension.entitlements */ = {isa = PBXFileReference; lastKnownFileType = text.plist.entitlements; path = ChefProWidgetExtension.entitlements; sourceTree = "<group>"; };
		06C65A9C2FB8281F004DAE17 /* GoogleService-Info.plist */ = {isa = PBXFileReference; lastKnownFileType = text.plist.xml; path = "GoogleService-Info.plist"; sourceTree = "<group>"; };
		06C65AA52FB82DA9004DAE17 /* ChefProFirebaseService.swift */ = {isa = PBXFileReference; lastKnownFileType = sourcecode.swift; path = ChefProFirebaseService.swift; sourceTree = "<group>"; };
/* End PBXFileReference section */

/* Begin PBXFileSystemSynchronizedRootGroup section */
		061E6F0F2FB6E4F8000D4A60 /* ChefPro */ = {
			isa = PBXFileSystemSynchronizedRootGroup;
			path = ChefPro;
			sourceTree = "<group>";
		};
		061E6F1D2FB6E4FB000D4A60 /* ChefProTests */ = {
			isa = PBXFileSystemSynchronizedRootGroup;
			path = ChefProTests;
			sourceTree = "<group>";
		};
		061E6F272FB6E4FB000D4A60 /* ChefProUITests */ = {
			isa = PBXFileSystemSynchronizedRootGroup;
			path = ChefProUITests;
			sourceTree = "<group>";
		};
		06C321A92FC5F6AD006722E6 /* ChefProWidgetExtension */ = {
			isa = PBXFileSystemSynchronizedRootGroup;
			path = ChefProWidgetExtension;
			sourceTree = "<group>";
		};
/* End PBXFileSystemSynchronizedRootGroup section */

/* Begin PBXFrameworksBuildPhase section */
		061E6F0A2FB6E4F8000D4A60 /* Frameworks */ = {
			isa = PBXFrameworksBuildPhase;
			buildActionMask = 2147483647;
			files = (
				06C65AA22FB828F8004DAE17 /* FirebaseCore in Frameworks */,
				06C65AA82FB9093B004DAE17 /* FirebaseFirestoreCombine-Community in Frameworks */,
				06C65AA02FB828F8004DAE17 /* FirebaseAuth in Frameworks */,
				68357FE27CBF431D98446833 /* FirebaseCrashlytics in Frameworks */,
				06C65AA42FB828F8004DAE17 /* FirebaseFirestore in Frameworks */,
			);
			runOnlyForDeploymentPostprocessing = 0;
		};
		061E6F172FB6E4FB000D4A60 /* Frameworks */ = {
			isa = PBXFrameworksBuildPhase;
			buildActionMask = 2147483647;
			files = (
			);
			runOnlyForDeploymentPostprocessing = 0;
		};
		061E6F212FB6E4FB000D4A60 /* Frameworks */ = {
			isa = PBXFrameworksBuildPhase;
			buildActionMask = 2147483647;
			files = (
			);
			runOnlyForDeploymentPostprocessing = 0;
		};
		06C321A02FC5F6AC006722E6 /* Frameworks */ = {
			isa = PBXFrameworksBuildPhase;
			buildActionMask = 2147483647;
			files = (
				06C321A82FC5F6AD006722E6 /* SwiftUI.framework in Frameworks */,
				06C321A62FC5F6AD006722E6 /* WidgetKit.framework in Frameworks */,
			);
			runOnlyForDeploymentPostprocessing = 0;
		};
/* End PBXFrameworksBuildPhase section */

/* Begin PBXGroup section */
		061E6F042FB6E4F8000D4A60 = {
			isa = PBXGroup;
			children = (
				06C321B92FC5F6EA006722E6 /* ChefProWidgetExtension.entitlements */,
				06C65AA52FB82DA9004DAE17 /* ChefProFirebaseService.swift */,
				061E6F0F2FB6E4F8000D4A60 /* ChefPro */,
				061E6F1D2FB6E4FB000D4A60 /* ChefProTests */,
				061E6F272FB6E4FB000D4A60 /* ChefProUITests */,
				06C321A92FC5F6AD006722E6 /* ChefProWidgetExtension */,
				06C321A42FC5F6AC006722E6 /* Frameworks */,
				061E6F0E2FB6E4F8000D4A60 /* Products */,
				06C65A9C2FB8281F004DAE17 /* GoogleService-Info.plist */,
			);
			sourceTree = "<group>";
		};
		061E6F0E2FB6E4F8000D4A60 /* Products */ = {
			isa = PBXGroup;
			children = (
				061E6F0D2FB6E4F8000D4A60 /* ChefPro.app */,
				061E6F1A2FB6E4FB000D4A60 /* ChefProTests.xctest */,
				061E6F242FB6E4FB000D4A60 /* ChefProUITests.xctest */,
				06C321A32FC5F6AC006722E6 /* ChefProWidgetExtension.appex */,
			);
			name = Products;
			sourceTree = "<group>";
		};
		06C321A42FC5F6AC006722E6 /* Frameworks */ = {
			isa = PBXGroup;
			children = (
				06C321A52FC5F6AC006722E6 /* WidgetKit.framework */,
				06C321A72FC5F6AD006722E6 /* SwiftUI.framework */,
			);
			name = Frameworks;
			sourceTree = "<group>";
		};
/* End PBXGroup section */

/* Begin PBXNativeTarget section */
		061E6F0C2FB6E4F8000D4A60 /* ChefPro */ = {
			isa = PBXNativeTarget;
			buildConfigurationList = 061E6F2E2FB6E4FB000D4A60 /* Build configuration list for PBXNativeTarget "ChefPro" */;
			buildPhases = (
				061E6F092FB6E4F8000D4A60 /* Sources */,
				061E6F0A2FB6E4F8000D4A60 /* Frameworks */,
				061E6F0B2FB6E4F8000D4A60 /* Resources */,
				06C321B82FC5F6B3006722E6 /* Embed Foundation Extensions */,
			);
			buildRules = (
			);
			dependencies = (
				06C321B22FC5F6B3006722E6 /* PBXTargetDependency */,
			);
			fileSystemSynchronizedGroups = (
				061E6F0F2FB6E4F8000D4A60 /* ChefPro */,
			);
			name = ChefPro;
			packageProductDependencies = (
				06C65A9F2FB828F8004DAE17 /* FirebaseAuth */,
				35999476904F4CD1A74FB3A0 /* FirebaseCrashlytics */,
				06C65AA12FB828F8004DAE17 /* FirebaseCore */,
				06C65AA32FB828F8004DAE17 /* FirebaseFirestore */,
				06C65AA72FB9093B004DAE17 /* FirebaseFirestoreCombine-Community */,
			);
			productName = ChefPro;
			productReference = 061E6F0D2FB6E4F8000D4A60 /* ChefPro.app */;
			productType = "com.apple.product-type.application";
		};
		061E6F192FB6E4FB000D4A60 /* ChefProTests */ = {
			isa = PBXNativeTarget;
			buildConfigurationList = 061E6F312FB6E4FB000D4A60 /* Build configuration list for PBXNativeTarget "ChefProTests" */;
			buildPhases = (
				061E6F162FB6E4FB000D4A60 /* Sources */,
				061E6F172FB6E4FB000D4A60 /* Frameworks */,
				061E6F182FB6E4FB000D4A60 /* Resources */,
			);
			buildRules = (
			);
			dependencies = (
				061E6F1C2FB6E4FB000D4A60 /* PBXTargetDependency */,
			);
			fileSystemSynchronizedGroups = (
				061E6F1D2FB6E4FB000D4A60 /* ChefProTests */,
			);
			name = ChefProTests;
			packageProductDependencies = (
			);
			productName = ChefProTests;
			productReference = 061E6F1A2FB6E4FB000D4A60 /* ChefProTests.xctest */;
			productType = "com.apple.product-type.bundle.unit-test";
		};
		061E6F232FB6E4FB000D4A60 /* ChefProUITests */ = {
			isa = PBXNativeTarget;
			buildConfigurationList = 061E6F342FB6E4FB000D4A60 /* Build configuration list for PBXNativeTarget "ChefProUITests" */;
			buildPhases = (
				061E6F202FB6E4FB000D4A60 /* Sources */,
				061E6F212FB6E4FB000D4A60 /* Frameworks */,
				061E6F222FB6E4FB000D4A60 /* Resources */,
			);
			buildRules = (
			);
			dependencies = (
				061E6F262FB6E4FB000D4A60 /* PBXTargetDependency */,
			);
			fileSystemSynchronizedGroups = (
				061E6F272FB6E4FB000D4A60 /* ChefProUITests */,
			);
			name = ChefProUITests;
			packageProductDependencies = (
			);
			productName = ChefProUITests;
			productReference = 061E6F242FB6E4FB000D4A60 /* ChefProUITests.xctest */;
			productType = "com.apple.product-type.bundle.ui-testing";
		};
		06C321A22FC5F6AC006722E6 /* ChefProWidgetExtension */ = {
			isa = PBXNativeTarget;
			buildConfigurationList = 06C321B52FC5F6B3006722E6 /* Build configuration list for PBXNativeTarget "ChefProWidgetExtension" */;
			buildPhases = (
				06C3219F2FC5F6AC006722E6 /* Sources */,
				06C321A02FC5F6AC006722E6 /* Frameworks */,
				06C321A12FC5F6AC006722E6 /* Resources */,
			);
			buildRules = (
			);
			dependencies = (
			);
			fileSystemSynchronizedGroups = (
				06C321A92FC5F6AD006722E6 /* ChefProWidgetExtension */,
			);
			name = ChefProWidgetExtension;
			packageProductDependencies = (
			);
			productName = ChefProWidgetExtension;
			productReference = 06C321A32FC5F6AC006722E6 /* ChefProWidgetExtension.appex */;
			productType = "com.apple.product-type.app-extension";
		};
/* End PBXNativeTarget section */

/* Begin PBXProject section */
		061E6F052FB6E4F8000D4A60 /* Project object */ = {
			isa = PBXProject;
			attributes = {
				BuildIndependentTargetsInParallel = 1;
				LastSwiftUpdateCheck = 1640;
				LastUpgradeCheck = 1640;
				TargetAttributes = {
					061E6F0C2FB6E4F8000D4A60 = {
						CreatedOnToolsVersion = 16.4;
					};
					061E6F192FB6E4FB000D4A60 = {
						CreatedOnToolsVersion = 16.4;
						TestTargetID = 061E6F0C2FB6E4F8000D4A60;
					};
					061E6F232FB6E4FB000D4A60 = {
						CreatedOnToolsVersion = 16.4;
						TestTargetID = 061E6F0C2FB6E4F8000D4A60;
					};
					06C321A22FC5F6AC006722E6 = {
						CreatedOnToolsVersion = 16.4;
					};
				};
			};
			buildConfigurationList = 061E6F082FB6E4F8000D4A60 /* Build configuration list for PBXProject "ChefPro" */;
			developmentRegion = en;
			hasScannedForEncodings = 0;
			knownRegions = (
				en,
				Base,
				ru,
			);
			mainGroup = 061E6F042FB6E4F8000D4A60;
			minimizedProjectReferenceProxies = 1;
			packageReferences = (
				06C65A9E2FB828F8004DAE17 /* XCRemoteSwiftPackageReference "firebase-ios-sdk" */,
			);
			preferredProjectObjectVersion = 77;
			productRefGroup = 061E6F0E2FB6E4F8000D4A60 /* Products */;
			projectDirPath = "";
			projectRoot = "";
			targets = (
				061E6F0C2FB6E4F8000D4A60 /* ChefPro */,
				061E6F192FB6E4FB000D4A60 /* ChefProTests */,
				061E6F232FB6E4FB000D4A60 /* ChefProUITests */,
				06C321A22FC5F6AC006722E6 /* ChefProWidgetExtension */,
			);
		};
/* End PBXProject section */

/* Begin PBXResourcesBuildPhase section */
		061E6F0B2FB6E4F8000D4A60 /* Resources */ = {
			isa = PBXResourcesBuildPhase;
			buildActionMask = 2147483647;
			files = (
				06C65A9D2FB8281F004DAE17 /* GoogleService-Info.plist in Resources */,
			);
			runOnlyForDeploymentPostprocessing = 0;
		};
		061E6F182FB6E4FB000D4A60 /* Resources */ = {
			isa = PBXResourcesBuildPhase;
			buildActionMask = 2147483647;
			files = (
			);
			runOnlyForDeploymentPostprocessing = 0;
		};
		061E6F222FB6E4FB000D4A60 /* Resources */ = {
			isa = PBXResourcesBuildPhase;
			buildActionMask = 2147483647;
			files = (
			);
			runOnlyForDeploymentPostprocessing = 0;
		};
		06C321A12FC5F6AC006722E6 /* Resources */ = {
			isa = PBXResourcesBuildPhase;
			buildActionMask = 2147483647;
			files = (
			);
			runOnlyForDeploymentPostprocessing = 0;
		};
/* End PBXResourcesBuildPhase section */

/* Begin PBXSourcesBuildPhase section */
		061E6F092FB6E4F8000D4A60 /* Sources */ = {
			isa = PBXSourcesBuildPhase;
			buildActionMask = 2147483647;
			files = (
				06C65AA62FB82DA9004DAE17 /* ChefProFirebaseService.swift in Sources */,
			);
			runOnlyForDeploymentPostprocessing = 0;
		};
		061E6F162FB6E4FB000D4A60 /* Sources */ = {
			isa = PBXSourcesBuildPhase;
			buildActionMask = 2147483647;
			files = (
			);
			runOnlyForDeploymentPostprocessing = 0;
		};
		061E6F202FB6E4FB000D4A60 /* Sources */ = {
			isa = PBXSourcesBuildPhase;
			buildActionMask = 2147483647;
			files = (
			);
			runOnlyForDeploymentPostprocessing = 0;
		};
		06C3219F2FC5F6AC006722E6 /* Sources */ = {
			isa = PBXSourcesBuildPhase;
			buildActionMask = 2147483647;
			files = (
			);
			runOnlyForDeploymentPostprocessing = 0;
		};
/* End PBXSourcesBuildPhase section */

/* Begin PBXTargetDependency section */
		061E6F1C2FB6E4FB000D4A60 /* PBXTargetDependency */ = {
			isa = PBXTargetDependency;
			target = 061E6F0C2FB6E4F8000D4A60 /* ChefPro */;
			targetProxy = 061E6F1B2FB6E4FB000D4A60 /* PBXContainerItemProxy */;
		};
		061E6F262FB6E4FB000D4A60 /* PBXTargetDependency */ = {
			isa = PBXTargetDependency;
			target = 061E6F0C2FB6E4F8000D4A60 /* ChefPro */;
			targetProxy = 061E6F252FB6E4FB000D4A60 /* PBXContainerItemProxy */;
		};
		06C321B22FC5F6B3006722E6 /* PBXTargetDependency */ = {
			isa = PBXTargetDependency;
			target = 06C321A22FC5F6AC006722E6 /* ChefProWidgetExtension */;
			targetProxy = 06C321B12FC5F6B3006722E6 /* PBXContainerItemProxy */;
		};
/* End PBXTargetDependency section */

/* Begin XCBuildConfiguration section */
		061E6F2C2FB6E4FB000D4A60 /* Debug */ = {
			isa = XCBuildConfiguration;
			buildSettings = {
				ALWAYS_SEARCH_USER_PATHS = NO;
				ASSETCATALOG_COMPILER_GENERATE_SWIFT_ASSET_SYMBOL_EXTENSIONS = YES;
				CLANG_ANALYZER_NONNULL = YES;
				CLANG_ANALYZER_NUMBER_OBJECT_CONVERSION = YES_AGGRESSIVE;
				CLANG_CXX_LANGUAGE_STANDARD = "gnu++20";
				CLANG_ENABLE_MODULES = YES;
				CLANG_ENABLE_OBJC_ARC = YES;
				CLANG_ENABLE_OBJC_WEAK = YES;
				CLANG_WARN_BLOCK_CAPTURE_AUTORELEASING = YES;
				CLANG_WARN_BOOL_CONVERSION = YES;
				CLANG_WARN_COMMA = YES;
				CLANG_WARN_CONSTANT_CONVERSION = YES;
				CLANG_WARN_DEPRECATED_OBJC_IMPLEMENTATIONS = YES;
				CLANG_WARN_DIRECT_OBJC_ISA_USAGE = YES_ERROR;
				CLANG_WARN_DOCUMENTATION_COMMENTS = YES;
				CLANG_WARN_EMPTY_BODY = YES;
				CLANG_WARN_ENUM_CONVERSION = YES;
				CLANG_WARN_INFINITE_RECURSION = YES;
				CLANG_WARN_INT_CONVERSION = YES;
				CLANG_WARN_NON_LITERAL_NULL_CONVERSION = YES;
				CLANG_WARN_OBJC_IMPLICIT_RETAIN_SELF = YES;
				CLANG_WARN_OBJC_LITERAL_CONVERSION = YES;
				CLANG_WARN_OBJC_ROOT_CLASS = YES_ERROR;
				CLANG_WARN_QUOTED_INCLUDE_IN_FRAMEWORK_HEADER = YES;
				CLANG_WARN_RANGE_LOOP_ANALYSIS = YES;
				CLANG_WARN_STRICT_PROTOTYPES = YES;
				CLANG_WARN_SUSPICIOUS_MOVE = YES;
				CLANG_WARN_UNGUARDED_AVAILABILITY = YES_AGGRESSIVE;
				CLANG_WARN_UNREACHABLE_CODE = YES;
				CLANG_WARN__DUPLICATE_METHOD_MATCH = YES;
				COPY_PHASE_STRIP = NO;
				DEBUG_INFORMATION_FORMAT = dwarf;
				DEVELOPMENT_TEAM = B5NX23WWTS;
				ENABLE_STRICT_OBJC_MSGSEND = YES;
				ENABLE_TESTABILITY = YES;
				ENABLE_USER_SCRIPT_SANDBOXING = YES;
				GCC_C_LANGUAGE_STANDARD = gnu17;
				GCC_DYNAMIC_NO_PIC = NO;
				GCC_NO_COMMON_BLOCKS = YES;
				GCC_OPTIMIZATION_LEVEL = 0;
				GCC_PREPROCESSOR_DEFINITIONS = (
					"DEBUG=1",
					"$(inherited)",
				);
				GCC_WARN_64_TO_32_BIT_CONVERSION = YES;
				GCC_WARN_ABOUT_RETURN_TYPE = YES_ERROR;
				GCC_WARN_UNDECLARED_SELECTOR = YES;
				GCC_WARN_UNINITIALIZED_AUTOS = YES_AGGRESSIVE;
				GCC_WARN_UNUSED_FUNCTION = YES;
				GCC_WARN_UNUSED_VARIABLE = YES;
				IPHONEOS_DEPLOYMENT_TARGET = 18.5;
				LOCALIZATION_PREFERS_STRING_CATALOGS = YES;
				MTL_ENABLE_DEBUG_INFO = INCLUDE_SOURCE;
				MTL_FAST_MATH = YES;
				ONLY_ACTIVE_ARCH = YES;
				SDKROOT = iphoneos;
				SWIFT_ACTIVE_COMPILATION_CONDITIONS = "DEBUG $(inherited)";
				SWIFT_OPTIMIZATION_LEVEL = "-Onone";
				SWIFT_STRICT_CONCURRENCY = minimal;
			};
			name = Debug;
		};
		061E6F2D2FB6E4FB000D4A60 /* Release */ = {
			isa = XCBuildConfiguration;
			buildSettings = {
				ALWAYS_SEARCH_USER_PATHS = NO;
				ASSETCATALOG_COMPILER_GENERATE_SWIFT_ASSET_SYMBOL_EXTENSIONS = YES;
				CLANG_ANALYZER_NONNULL = YES;
				CLANG_ANALYZER_NUMBER_OBJECT_CONVERSION = YES_AGGRESSIVE;
				CLANG_CXX_LANGUAGE_STANDARD = "gnu++20";
				CLANG_ENABLE_MODULES = YES;
				CLANG_ENABLE_OBJC_ARC = YES;
				CLANG_ENABLE_OBJC_WEAK = YES;
				CLANG_WARN_BLOCK_CAPTURE_AUTORELEASING = YES;
				CLANG_WARN_BOOL_CONVERSION = YES;
				CLANG_WARN_COMMA = YES;
				CLANG_WARN_CONSTANT_CONVERSION = YES;
				CLANG_WARN_DEPRECATED_OBJC_IMPLEMENTATIONS = YES;
				CLANG_WARN_DIRECT_OBJC_ISA_USAGE = YES_ERROR;
				CLANG_WARN_DOCUMENTATION_COMMENTS = YES;
				CLANG_WARN_EMPTY_BODY = YES;
				CLANG_WARN_ENUM_CONVERSION = YES;
				CLANG_WARN_INFINITE_RECURSION = YES;
				CLANG_WARN_INT_CONVERSION = YES;
				CLANG_WARN_NON_LITERAL_NULL_CONVERSION = YES;
				CLANG_WARN_OBJC_IMPLICIT_RETAIN_SELF = YES;
				CLANG_WARN_OBJC_LITERAL_CONVERSION = YES;
				CLANG_WARN_OBJC_ROOT_CLASS = YES_ERROR;
				CLANG_WARN_QUOTED_INCLUDE_IN_FRAMEWORK_HEADER = YES;
				CLANG_WARN_RANGE_LOOP_ANALYSIS = YES;
				CLANG_WARN_STRICT_PROTOTYPES = YES;
				CLANG_WARN_SUSPICIOUS_MOVE = YES;
				CLANG_WARN_UNGUARDED_AVAILABILITY = YES_AGGRESSIVE;
				CLANG_WARN_UNREACHABLE_CODE = YES;
				CLANG_WARN__DUPLICATE_METHOD_MATCH = YES;
				COPY_PHASE_STRIP = NO;
				DEBUG_INFORMATION_FORMAT = "dwarf-with-dsym";
				DEVELOPMENT_TEAM = B5NX23WWTS;
				ENABLE_NS_ASSERTIONS = NO;
				ENABLE_STRICT_OBJC_MSGSEND = YES;
				ENABLE_USER_SCRIPT_SANDBOXING = YES;
				GCC_C_LANGUAGE_STANDARD = gnu17;
				GCC_NO_COMMON_BLOCKS = YES;
				GCC_WARN_64_TO_32_BIT_CONVERSION = YES;
				GCC_WARN_ABOUT_RETURN_TYPE = YES_ERROR;
				GCC_WARN_UNDECLARED_SELECTOR = YES;
				GCC_WARN_UNINITIALIZED_AUTOS = YES_AGGRESSIVE;
				GCC_WARN_UNUSED_FUNCTION = YES;
				GCC_WARN_UNUSED_VARIABLE = YES;
				IPHONEOS_DEPLOYMENT_TARGET = 18.5;
				LOCALIZATION_PREFERS_STRING_CATALOGS = YES;
				MTL_ENABLE_DEBUG_INFO = NO;
				MTL_FAST_MATH = YES;
				SDKROOT = iphoneos;
				SWIFT_COMPILATION_MODE = wholemodule;
				SWIFT_STRICT_CONCURRENCY = minimal;
				VALIDATE_PRODUCT = YES;
			};
			name = Release;
		};
		061E6F2F2FB6E4FB000D4A60 /* Debug */ = {
			isa = XCBuildConfiguration;
			buildSettings = {
				ASSETCATALOG_COMPILER_APPICON_NAME = AppIcon;
				ASSETCATALOG_COMPILER_GLOBAL_ACCENT_COLOR_NAME = AccentColor;
				CODE_SIGN_ENTITLEMENTS = ChefPro/ChefPro.entitlements;
				CODE_SIGN_STYLE = Automatic;
				CURRENT_PROJECT_VERSION = 1;
				DEVELOPMENT_TEAM = B5NX23WWTS;
				ENABLE_PREVIEWS = YES;
				GENERATE_INFOPLIST_FILE = YES;
				INFOPLIST_KEY_NSCameraUsageDescription = "Сканирование штрихкодов продуктов для приёмки и учёта на складе";
				INFOPLIST_KEY_NSMicrophoneUsageDescription = "Голосовой ввод для списаний";
				INFOPLIST_KEY_NSSpeechRecognitionUsageDescription = "Распознавание речи для быстрого ввода названий продуктов";
				INFOPLIST_KEY_UIApplicationSceneManifest_Generation = YES;
				INFOPLIST_KEY_UIApplicationSupportsIndirectInputEvents = YES;
				INFOPLIST_KEY_UILaunchScreen_Generation = YES;
				INFOPLIST_KEY_UISupportedInterfaceOrientations_iPad = "UIInterfaceOrientationPortrait UIInterfaceOrientationPortraitUpsideDown UIInterfaceOrientationLandscapeLeft UIInterfaceOrientationLandscapeRight";
				INFOPLIST_KEY_UISupportedInterfaceOrientations_iPhone = "UIInterfaceOrientationPortrait UIInterfaceOrientationLandscapeLeft UIInterfaceOrientationLandscapeRight";
				LD_RUNPATH_SEARCH_PATHS = (
					"$(inherited)",
					"@executable_path/Frameworks",
				);
				MARKETING_VERSION = 1.0;
				PRODUCT_BUNDLE_IDENTIFIER = ChefPro;
				PRODUCT_NAME = "$(TARGET_NAME)";
				SWIFT_EMIT_LOC_STRINGS = YES;
				SWIFT_VERSION = 5.0;
				TARGETED_DEVICE_FAMILY = "1,2";
			};
			name = Debug;
		};
		061E6F302FB6E4FB000D4A60 /* Release */ = {
			isa = XCBuildConfiguration;
			buildSettings = {
				ASSETCATALOG_COMPILER_APPICON_NAME = AppIcon;
				ASSETCATALOG_COMPILER_GLOBAL_ACCENT_COLOR_NAME = AccentColor;
				CODE_SIGN_ENTITLEMENTS = ChefPro/ChefPro.entitlements;
				CODE_SIGN_STYLE = Automatic;
				CURRENT_PROJECT_VERSION = 1;
				DEVELOPMENT_TEAM = B5NX23WWTS;
				ENABLE_PREVIEWS = YES;
				GENERATE_INFOPLIST_FILE = YES;
				INFOPLIST_KEY_NSCameraUsageDescription = "Сканирование штрихкодов продуктов для приёмки и учёта на складе";
				INFOPLIST_KEY_NSMicrophoneUsageDescription = "Голосовой ввод для списаний";
				INFOPLIST_KEY_NSSpeechRecognitionUsageDescription = "Распознавание речи для быстрого ввода названий продуктов";
				INFOPLIST_KEY_UIApplicationSceneManifest_Generation = YES;
				INFOPLIST_KEY_UIApplicationSupportsIndirectInputEvents = YES;
				INFOPLIST_KEY_UILaunchScreen_Generation = YES;
				INFOPLIST_KEY_UISupportedInterfaceOrientations_iPad = "UIInterfaceOrientationPortrait UIInterfaceOrientationPortraitUpsideDown UIInterfaceOrientationLandscapeLeft UIInterfaceOrientationLandscapeRight";
				INFOPLIST_KEY_UISupportedInterfaceOrientations_iPhone = "UIInterfaceOrientationPortrait UIInterfaceOrientationLandscapeLeft UIInterfaceOrientationLandscapeRight";
				LD_RUNPATH_SEARCH_PATHS = (
					"$(inherited)",
					"@executable_path/Frameworks",
				);
				MARKETING_VERSION = 1.0;
				PRODUCT_BUNDLE_IDENTIFIER = ChefPro;
				PRODUCT_NAME = "$(TARGET_NAME)";
				SWIFT_EMIT_LOC_STRINGS = YES;
				SWIFT_VERSION = 5.0;
				TARGETED_DEVICE_FAMILY = "1,2";
			};
			name = Release;
		};
		061E6F322FB6E4FB000D4A60 /* Debug */ = {
			isa = XCBuildConfiguration;
			buildSettings = {
				BUNDLE_LOADER = "$(TEST_HOST)";
				CODE_SIGN_STYLE = Automatic;
				CURRENT_PROJECT_VERSION = 1;
				DEVELOPMENT_TEAM = B5NX23WWTS;
				GENERATE_INFOPLIST_FILE = YES;
				IPHONEOS_DEPLOYMENT_TARGET = 18.5;
				MARKETING_VERSION = 1.0;
				PRODUCT_BUNDLE_IDENTIFIER = BuddyChat.ChefProTests;
				PRODUCT_NAME = "$(TARGET_NAME)";
				SWIFT_EMIT_LOC_STRINGS = NO;
				SWIFT_VERSION = 5.0;
				TARGETED_DEVICE_FAMILY = "1,2";
				TEST_HOST = "$(BUILT_PRODUCTS_DIR)/ChefPro.app/$(BUNDLE_EXECUTABLE_FOLDER_PATH)/ChefPro";
			};
			name = Debug;
		};
		061E6F332FB6E4FB000D4A60 /* Release */ = {
			isa = XCBuildConfiguration;
			buildSettings = {
				BUNDLE_LOADER = "$(TEST_HOST)";
				CODE_SIGN_STYLE = Automatic;
				CURRENT_PROJECT_VERSION = 1;
				DEVELOPMENT_TEAM = B5NX23WWTS;
				GENERATE_INFOPLIST_FILE = YES;
				IPHONEOS_DEPLOYMENT_TARGET = 18.5;
				MARKETING_VERSION = 1.0;
				PRODUCT_BUNDLE_IDENTIFIER = BuddyChat.ChefProTests;
				PRODUCT_NAME = "$(TARGET_NAME)";
				SWIFT_EMIT_LOC_STRINGS = NO;
				SWIFT_VERSION = 5.0;
				TARGETED_DEVICE_FAMILY = "1,2";
				TEST_HOST = "$(BUILT_PRODUCTS_DIR)/ChefPro.app/$(BUNDLE_EXECUTABLE_FOLDER_PATH)/ChefPro";
			};
			name = Release;
		};
		061E6F352FB6E4FB000D4A60 /* Debug */ = {
			isa = XCBuildConfiguration;
			buildSettings = {
				CODE_SIGN_STYLE = Automatic;
				CURRENT_PROJECT_VERSION = 1;
				DEVELOPMENT_TEAM = B5NX23WWTS;
				GENERATE_INFOPLIST_FILE = YES;
				MARKETING_VERSION = 1.0;
				PRODUCT_BUNDLE_IDENTIFIER = BuddyChat.ChefProUITests;
				PRODUCT_NAME = "$(TARGET_NAME)";
				SWIFT_EMIT_LOC_STRINGS = NO;
				SWIFT_VERSION = 5.0;
				TARGETED_DEVICE_FAMILY = "1,2";
				TEST_TARGET_NAME = ChefPro;
			};
			name = Debug;
		};
		061E6F362FB6E4FB000D4A60 /* Release */ = {
			isa = XCBuildConfiguration;
			buildSettings = {
				CODE_SIGN_STYLE = Automatic;
				CURRENT_PROJECT_VERSION = 1;
				DEVELOPMENT_TEAM = B5NX23WWTS;
				GENERATE_INFOPLIST_FILE = YES;
				MARKETING_VERSION = 1.0;
				PRODUCT_BUNDLE_IDENTIFIER = BuddyChat.ChefProUITests;
				PRODUCT_NAME = "$(TARGET_NAME)";
				SWIFT_EMIT_LOC_STRINGS = NO;
				SWIFT_VERSION = 5.0;
				TARGETED_DEVICE_FAMILY = "1,2";
				TEST_TARGET_NAME = ChefPro;
			};
			name = Release;
		};
		06C321B62FC5F6B3006722E6 /* Debug */ = {
			isa = XCBuildConfiguration;
			buildSettings = {
				ASSETCATALOG_COMPILER_GLOBAL_ACCENT_COLOR_NAME = AccentColor;
				ASSETCATALOG_COMPILER_WIDGET_BACKGROUND_COLOR_NAME = WidgetBackground;
				CODE_SIGN_ENTITLEMENTS = ChefProWidgetExtension.entitlements;
				CODE_SIGN_STYLE = Automatic;
				CURRENT_PROJECT_VERSION = 1;
				DEVELOPMENT_TEAM = B5NX23WWTS;
				INFOPLIST_FILE = ChefProWidgetInfo.plist;
				INFOPLIST_KEY_CFBundleDisplayName = ChefProWidget;
				INFOPLIST_KEY_NSHumanReadableCopyright = "";
				LD_RUNPATH_SEARCH_PATHS = (
					"$(inherited)",
					"@executable_path/Frameworks",
					"@executable_path/../../Frameworks",
				);
				MARKETING_VERSION = 1.0;
				PRODUCT_BUNDLE_IDENTIFIER = ChefPro.ChefProWidget;
				PRODUCT_NAME = "$(TARGET_NAME)";
				SKIP_INSTALL = YES;
				SWIFT_EMIT_LOC_STRINGS = YES;
				SWIFT_VERSION = 5.0;
				TARGETED_DEVICE_FAMILY = "1,2";
			};
			name = Debug;
		};
		06C321B72FC5F6B3006722E6 /* Release */ = {
			isa = XCBuildConfiguration;
			buildSettings = {
				ASSETCATALOG_COMPILER_GLOBAL_ACCENT_COLOR_NAME = AccentColor;
				ASSETCATALOG_COMPILER_WIDGET_BACKGROUND_COLOR_NAME = WidgetBackground;
				CODE_SIGN_ENTITLEMENTS = ChefProWidgetExtension.entitlements;
				CODE_SIGN_STYLE = Automatic;
				CURRENT_PROJECT_VERSION = 1;
				DEVELOPMENT_TEAM = B5NX23WWTS;
				INFOPLIST_FILE = ChefProWidgetInfo.plist;
				INFOPLIST_KEY_CFBundleDisplayName = ChefProWidget;
				INFOPLIST_KEY_NSHumanReadableCopyright = "";
				LD_RUNPATH_SEARCH_PATHS = (
					"$(inherited)",
					"@executable_path/Frameworks",
					"@executable_path/../../Frameworks",
				);
				MARKETING_VERSION = 1.0;
				PRODUCT_BUNDLE_IDENTIFIER = ChefPro.ChefProWidget;
				PRODUCT_NAME = "$(TARGET_NAME)";
				SKIP_INSTALL = YES;
				SWIFT_EMIT_LOC_STRINGS = YES;
				SWIFT_VERSION = 5.0;
				TARGETED_DEVICE_FAMILY = "1,2";
			};
			name = Release;
		};
/* End XCBuildConfiguration section */

/* Begin XCConfigurationList section */
		061E6F082FB6E4F8000D4A60 /* Build configuration list for PBXProject "ChefPro" */ = {
			isa = XCConfigurationList;
			buildConfigurations = (
				061E6F2C2FB6E4FB000D4A60 /* Debug */,
				061E6F2D2FB6E4FB000D4A60 /* Release */,
			);
			defaultConfigurationIsVisible = 0;
			defaultConfigurationName = Release;
		};
		061E6F2E2FB6E4FB000D4A60 /* Build configuration list for PBXNativeTarget "ChefPro" */ = {
			isa = XCConfigurationList;
			buildConfigurations = (
				061E6F2F2FB6E4FB000D4A60 /* Debug */,
				061E6F302FB6E4FB000D4A60 /* Release */,
			);
			defaultConfigurationIsVisible = 0;
			defaultConfigurationName = Release;
		};
		061E6F312FB6E4FB000D4A60 /* Build configuration list for PBXNativeTarget "ChefProTests" */ = {
			isa = XCConfigurationList;
			buildConfigurations = (
				061E6F322FB6E4FB000D4A60 /* Debug */,
				061E6F332FB6E4FB000D4A60 /* Release */,
			);
			defaultConfigurationIsVisible = 0;
			defaultConfigurationName = Release;
		};
		061E6F342FB6E4FB000D4A60 /* Build configuration list for PBXNativeTarget "ChefProUITests" */ = {
			isa = XCConfigurationList;
			buildConfigurations = (
				061E6F352FB6E4FB000D4A60 /* Debug */,
				061E6F362FB6E4FB000D4A60 /* Release */,
			);
			defaultConfigurationIsVisible = 0;
			defaultConfigurationName = Release;
		};
		06C321B52FC5F6B3006722E6 /* Build configuration list for PBXNativeTarget "ChefProWidgetExtension" */ = {
			isa = XCConfigurationList;
			buildConfigurations = (
				06C321B62FC5F6B3006722E6 /* Debug */,
				06C321B72FC5F6B3006722E6 /* Release */,
			);
			defaultConfigurationIsVisible = 0;
			defaultConfigurationName = Release;
		};
/* End XCConfigurationList section */

/* Begin XCRemoteSwiftPackageReference section */
		06C65A9E2FB828F8004DAE17 /* XCRemoteSwiftPackageReference "firebase-ios-sdk" */ = {
			isa = XCRemoteSwiftPackageReference;
			repositoryURL = "https://github.com/firebase/firebase-ios-sdk";
			requirement = {
				kind = upToNextMajorVersion;
				minimumVersion = 12.13.0;
			};
		};
/* End XCRemoteSwiftPackageReference section */

/* Begin XCSwiftPackageProductDependency section */
		06C65A9F2FB828F8004DAE17 /* FirebaseAuth */ = {
			isa = XCSwiftPackageProductDependency;
			package = 06C65A9E2FB828F8004DAE17 /* XCRemoteSwiftPackageReference "firebase-ios-sdk" */;
			productName = FirebaseAuth;
		};
		06C65AA12FB828F8004DAE17 /* FirebaseCore */ = {
			isa = XCSwiftPackageProductDependency;
			package = 06C65A9E2FB828F8004DAE17 /* XCRemoteSwiftPackageReference "firebase-ios-sdk" */;
			productName = FirebaseCore;
		};
		06C65AA32FB828F8004DAE17 /* FirebaseFirestore */ = {
			isa = XCSwiftPackageProductDependency;
			package = 06C65A9E2FB828F8004DAE17 /* XCRemoteSwiftPackageReference "firebase-ios-sdk" */;
			productName = FirebaseFirestore;
		};
		06C65AA72FB9093B004DAE17 /* FirebaseFirestoreCombine-Community */ = {
			isa = XCSwiftPackageProductDependency;
			productName = "FirebaseFirestoreCombine-Community";
		};
		35999476904F4CD1A74FB3A0 /* FirebaseCrashlytics */ = {
			isa = XCSwiftPackageProductDependency;
			package = 06C65A9E2FB828F8004DAE17 /* XCRemoteSwiftPackageReference "firebase-ios-sdk" */;
			productName = FirebaseCrashlytics;
		};
/* End XCSwiftPackageProductDependency section */
	};
	rootObject = 061E6F052FB6E4F8000D4A60 /* Project object */;
}
